
Microsoft Visual Studio Solution File, Format Version 12.00
# Visual Studio Version 17
VisualStudioVersion = 17.8.34309.116
MinimumVisualStudioVersion = 10.0.40219.1
Project("{8BC9CEB8-8B4A-11D0-8D11-00A0C91BC942}") = "Winfile", "src\Winfile.vcxproj", "{028400E7-500A-4FB9-877F-F6C7AE24F109}"
EndProject
Project("{8BC9CEB8-8B4A-11D0-8D11-00A0C91BC942}") = "VerifyResources", "tools\VerifyResources\VerifyResources.vcxproj", "{2A455495-7936-4F67-B957-6356E0141DAD}"
EndProject
Project("{8BC9CEB8-8B4A-11D0-8D11-00A0C91BC942}") = "FileSignatureInfo", "tools\FileSignatureInfo\FileSignatureInfo.vcxproj", "{24D8E2A7-CD5A-423B-AEB4-CAA277BD0A0F}"
EndProject
Project("{8BC9CEB8-8B4A-11D0-8D11-00A0C91BC942}") = "AddonSample", "samples\addon\AddOnSample.vcxproj", "{B46F5F82-52A4-45CC-9AA3-ADF9EE8E51A3}"
EndProject
Project("{8BC9CEB8-8B4A-11D0-8D11-00A0C91BC942}") = "ExeView", "tools\ExeView\ExeView.vcxproj", "{23717B8E-CA4A-412F-A4EA-5E6899143EC7}"
EndProject
Project("{C7167F0D-BC9F-4E6E-AFE1-012C56B48DB5}") = "Package", "Package\Package.wapproj", "{AC921D51-18E2-4FBE-A444-059543458C00}"
EndProject
Project("{2150E333-8FDC-42A3-9474-1A3956D46DE8}") = "Solution Items", "Solution Items", "{2C73F3F2-606A-4B7B-B473-3E5A8AC467FB}"
	ProjectSection(SolutionItems) = preProject
		README.md = README.md
	EndProjectSection
EndProject
Global
	GlobalSection(SolutionConfigurationPlatforms) = preSolution
		Debug|Any CPU = Debug|Any CPU
		Debug|ARM64 = Debug|ARM64
		Debug|Win32 = Debug|Win32
		Debug|x64 = Debug|x64
		DebugStatic|Any CPU = DebugStatic|Any CPU
		DebugStatic|ARM64 = DebugStatic|ARM64
		DebugStatic|Win32 = DebugStatic|Win32
		DebugStatic|x64 = DebugStatic|x64
		Release|Any CPU = Release|Any CPU
		Release|ARM64 = Release|ARM64
		Release|Win32 = Release|Win32
		Release|x64 = Release|x64
		ReleaseStatic|Any CPU = ReleaseStatic|Any CPU
		ReleaseStatic|ARM64 = ReleaseStatic|ARM64
		ReleaseStatic|Win32 = ReleaseStatic|Win32
		ReleaseStatic|x64 = ReleaseStatic|x64
	EndGlobalSection
	GlobalSection(ProjectConfigurationPlatforms) = postSolution
		{028400E7-500A-4FB9-877F-F6C7AE24F109}.Debug|Any CPU.ActiveCfg = Debug|Win32
		{028400E7-500A-4FB9-877F-F6C7AE24F109}.Debug|ARM64.ActiveCfg = Debug|ARM64
		{028400E7-500A-4FB9-877F-F6C7AE24F109}.Debug|ARM64.Build.0 = Debug|ARM64
		{028400E7-500A-4FB9-877F-F6C7AE24F109}.Debug|Win32.ActiveCfg = Debug|Win32
		{028400E7-500A-4FB9-877F-F6C7AE24F109}.Debug|Win32.Build.0 = Debug|Win32
		{028400E7-500A-4FB9-877F-F6C7AE24F109}.Debug|x64.ActiveCfg = Debug|x64
		{028400E7-500A-4FB9-877F-F6C7AE24F109}.Debug|x64.Build.0 = Debug|x64
		{028400E7-500A-4FB9-877F-F6C7AE24F109}.DebugStatic|Any CPU.ActiveCfg = DebugStatic|x64
		{028400E7-500A-4FB9-877F-F6C7AE24F109}.DebugStatic|Any CPU.Build.0 = DebugStatic|x64
		{028400E7-500A-4FB9-877F-F6C7AE24F109}.DebugStatic|ARM64.ActiveCfg = DebugStatic|ARM64
		{028400E7-500A-4FB9-877F-F6C7AE24F109}.DebugStatic|ARM64.Build.0 = DebugStatic|ARM64
		{028400E7-500A-4FB9-877F-F6C7AE24F109}.DebugStatic|Win32.ActiveCfg = DebugStatic|Win32
		{028400E7-500A-4FB9-877F-F6C7AE24F109}.DebugStatic|Win32.Build.0 = DebugStatic|Win32
		{028400E7-500A-4FB9-877F-F6C7AE24F109}.DebugStatic|x64.ActiveCfg = DebugStatic|x64
		{028400E7-500A-4FB9-877F-F6C7AE24F109}.DebugStatic|x64.Build.0 = DebugStatic|x64
		{028400E7-500A-4FB9-877F-F6C7AE24F109}.Release|Any CPU.ActiveCfg = Release|Win32
		{028400E7-500A-4FB9-877F-F6C7AE24F109}.Release|ARM64.ActiveCfg = Release|ARM64
		{028400E7-500A-4FB9-877F-F6C7AE24F109}.Release|ARM64.Build.0 = Release|ARM64
		{028400E7-500A-4FB9-877F-F6C7AE24F109}.Release|Win32.ActiveCfg = Release|Win32
		{028400E7-500A-4FB9-877F-F6C7AE24F109}.Release|Win32.Build.0 = Release|Win32
		{028400E7-500A-4FB9-877F-F6C7AE24F109}.Release|x64.ActiveCfg = Release|x64
		{028400E7-500A-4FB9-877F-F6C7AE24F109}.Release|x64.Build.0 = Release|x64
		{028400E7-500A-4FB9-877F-F6C7AE24F109}.ReleaseStatic|Any CPU.ActiveCfg = ReleaseStatic|x64
		{028400E7-500A-4FB9-877F-F6C7AE24F109}.ReleaseStatic|Any CPU.Build.0 = ReleaseStatic|x64
		{028400E7-500A-4FB9-877F-F6C7AE24F109}.ReleaseStatic|ARM64.ActiveCfg = ReleaseStatic|ARM64
		{028400E7-500A-4FB9-877F-F6C7AE24F109}.ReleaseStatic|ARM64.Build.0 = ReleaseStatic|ARM64
		{028400E7-500A-4FB9-877F-F6C7AE24F109}.ReleaseStatic|Win32.ActiveCfg = ReleaseStatic|Win32
		{028400E7-500A-4FB9-877F-F6C7AE24F109}.ReleaseStatic|Win32.Build.0 = ReleaseStatic|Win32
		{028400E7-500A-4FB9-877F-F6C7AE24F109}.ReleaseStatic|x64.ActiveCfg = ReleaseStatic|x64
		{028400E7-500A-4FB9-877F-F6C7AE24F109}.ReleaseStatic|x64.Build.0 = ReleaseStatic|x64
		{2A455495-7936-4F67-B957-6356E0141DAD}.Debug|Any CPU.ActiveCfg = Debug|Win32
		{2A455495-7936-4F67-B957-6356E0141DAD}.Debug|ARM64.ActiveCfg = Debug|ARM64
		{2A455495-7936-4F67-B957-6356E0141DAD}.Debug|Win32.ActiveCfg = Debug|Win32
		{2A455495-7936-4F67-B957-6356E0141DAD}.Debug|Win32.Build.0 = Debug|Win32
		{2A455495-7936-4F67-B957-6356E0141DAD}.Debug|x64.ActiveCfg = Debug|x64
		{2A455495-7936-4F67-B957-6356E0141DAD}.DebugStatic|Any CPU.ActiveCfg = DebugStatic|x64
		{2A455495-7936-4F67-B957-6356E0141DAD}.DebugStatic|Any CPU.Build.0 = DebugStatic|x64
		{2A455495-7936-4F67-B957-6356E0141DAD}.DebugStatic|ARM64.ActiveCfg = DebugStatic|ARM64
		{2A455495-7936-4F67-B957-6356E0141DAD}.DebugStatic|Win32.ActiveCfg = DebugStatic|Win32
		{2A455495-7936-4F67-B957-6356E0141DAD}.DebugStatic|x64.ActiveCfg = DebugStatic|x64
		{2A455495-7936-4F67-B957-6356E0141DAD}.Release|Any CPU.ActiveCfg = Release|Win32
		{2A455495-7936-4F67-B957-6356E0141DAD}.Release|ARM64.ActiveCfg = Release|ARM64
		{2A455495-7936-4F67-B957-6356E0141DAD}.Release|Win32.ActiveCfg = Release|Win32
		{2A455495-7936-4F67-B957-6356E0141DAD}.Release|Win32.Build.0 = Release|Win32
		{2A455495-7936-4F67-B957-6356E0141DAD}.Release|x64.ActiveCfg = Release|x64
		{2A455495-7936-4F67-B957-6356E0141DAD}.ReleaseStatic|Any CPU.ActiveCfg = ReleaseStatic|x64
		{2A455495-7936-4F67-B957-6356E0141DAD}.ReleaseStatic|Any CPU.Build.0 = ReleaseStatic|x64
		{2A455495-7936-4F67-B957-6356E0141DAD}.ReleaseStatic|ARM64.ActiveCfg = ReleaseStatic|ARM64
		{2A455495-7936-4F67-B957-6356E0141DAD}.ReleaseStatic|Win32.ActiveCfg = ReleaseStatic|Win32
		{2A455495-7936-4F67-B957-6356E0141DAD}.ReleaseStatic|x64.ActiveCfg = ReleaseStatic|x64
		{24D8E2A7-CD5A-423B-AEB4-CAA277BD0A0F}.Debug|Any CPU.ActiveCfg = Debug|Win32
		{24D8E2A7-CD5A-423B-AEB4-CAA277BD0A0F}.Debug|ARM64.ActiveCfg = Debug|ARM64
		{24D8E2A7-CD5A-423B-AEB4-CAA277BD0A0F}.Debug|Win32.ActiveCfg = Debug|Win32
		{24D8E2A7-CD5A-423B-AEB4-CAA277BD0A0F}.Debug|Win32.Build.0 = Debug|Win32
		{24D8E2A7-CD5A-423B-AEB4-CAA277BD0A0F}.Debug|x64.ActiveCfg = Debug|x64
		{24D8E2A7-CD5A-423B-AEB4-CAA277BD0A0F}.DebugStatic|Any CPU.ActiveCfg = DebugStatic|x64
		{24D8E2A7-CD5A-423B-AEB4-CAA277BD0A0F}.DebugStatic|Any CPU.Build.0 = DebugStatic|x64
		{24D8E2A7-CD5A-423B-AEB4-CAA277BD0A0F}.DebugStatic|ARM64.ActiveCfg = DebugStatic|ARM64
		{24D8E2A7-CD5A-423B-AEB4-CAA277BD0A0F}.DebugStatic|Win32.ActiveCfg = DebugStatic|Win32
		{24D8E2A7-CD5A-423B-AEB4-CAA277BD0A0F}.DebugStatic|x64.ActiveCfg = DebugStatic|x64
		{24D8E2A7-CD5A-423B-AEB4-CAA277BD0A0F}.Release|Any CPU.ActiveCfg = Release|Win32
		{24D8E2A7-CD5A-423B-AEB4-CAA277BD0A0F}.Release|ARM64.ActiveCfg = Release|ARM64
		{24D8E2A7-CD5A-423B-AEB4-CAA277BD0A0F}.Release|Win32.ActiveCfg = Release|Win32
		{24D8E2A7-CD5A-423B-AEB4-CAA277BD0A0F}.Release|Win32.Build.0 = Release|Win32
		{24D8E2A7-CD5A-423B-AEB4-CAA277BD0A0F}.Release|x64.ActiveCfg = Release|x64
		{24D8E2A7-CD5A-423B-AEB4-CAA277BD0A0F}.ReleaseStatic|Any CPU.ActiveCfg = ReleaseStatic|x64
		{24D8E2A7-CD5A-423B-AEB4-CAA277BD0A0F}.ReleaseStatic|Any CPU.Build.0 = ReleaseStatic|x64
		{24D8E2A7-CD5A-423B-AEB4-CAA277BD0A0F}.ReleaseStatic|ARM64.ActiveCfg = ReleaseStatic|ARM64
		{24D8E2A7-CD5A-423B-AEB4-CAA277BD0A0F}.ReleaseStatic|Win32.ActiveCfg = ReleaseStatic|Win32
		{24D8E2A7-CD5A-423B-AEB4-CAA277BD0A0F}.ReleaseStatic|x64.ActiveCfg = ReleaseStatic|x64
		{B46F5F82-52A4-45CC-9AA3-ADF9EE8E51A3}.Debug|Any CPU.ActiveCfg = Debug|Win32
		{B46F5F82-52A4-45CC-9AA3-ADF9EE8E51A3}.Debug|ARM64.ActiveCfg = Debug|Win32
		{B46F5F82-52A4-45CC-9AA3-ADF9EE8E51A3}.Debug|Win32.ActiveCfg = Debug|Win32
		{B46F5F82-52A4-45CC-9AA3-ADF9EE8E51A3}.Debug|Win32.Build.0 = Debug|Win32
		{B46F5F82-52A4-45CC-9AA3-ADF9EE8E51A3}.Debug|x64.ActiveCfg = Debug|x64
		{B46F5F82-52A4-45CC-9AA3-ADF9EE8E51A3}.DebugStatic|Any CPU.ActiveCfg = DebugStatic|x64
		{B46F5F82-52A4-45CC-9AA3-ADF9EE8E51A3}.DebugStatic|Any CPU.Build.0 = DebugStatic|x64
		{B46F5F82-52A4-45CC-9AA3-ADF9EE8E51A3}.DebugStatic|ARM64.ActiveCfg = DebugStatic|x64
		{B46F5F82-52A4-45CC-9AA3-ADF9EE8E51A3}.DebugStatic|ARM64.Build.0 = DebugStatic|x64
		{B46F5F82-52A4-45CC-9AA3-ADF9EE8E51A3}.DebugStatic|Win32.ActiveCfg = DebugStatic|Win32
		{B46F5F82-52A4-45CC-9AA3-ADF9EE8E51A3}.DebugStatic|x64.ActiveCfg = DebugStatic|x64
		{B46F5F82-52A4-45CC-9AA3-ADF9EE8E51A3}.Release|Any CPU.ActiveCfg = Release|Win32
		{B46F5F82-52A4-45CC-9AA3-ADF9EE8E51A3}.Release|ARM64.ActiveCfg = Release|Win32
		{B46F5F82-52A4-45CC-9AA3-ADF9EE8E51A3}.Release|Win32.ActiveCfg = Release|Win32
		{B46F5F82-52A4-45CC-9AA3-ADF9EE8E51A3}.Release|x64.ActiveCfg = Release|x64
		{B46F5F82-52A4-45CC-9AA3-ADF9EE8E51A3}.ReleaseStatic|Any CPU.ActiveCfg = ReleaseStatic|x64
		{B46F5F82-52A4-45CC-9AA3-ADF9EE8E51A3}.ReleaseStatic|Any CPU.Build.0 = ReleaseStatic|x64
		{B46F5F82-52A4-45CC-9AA3-ADF9EE8E51A3}.ReleaseStatic|ARM64.ActiveCfg = ReleaseStatic|x64
		{B46F5F82-52A4-45CC-9AA3-ADF9EE8E51A3}.ReleaseStatic|ARM64.Build.0 = ReleaseStatic|x64
		{B46F5F82-52A4-45CC-9AA3-ADF9EE8E51A3}.ReleaseStatic|Win32.ActiveCfg = ReleaseStatic|Win32
		{B46F5F82-52A4-45CC-9AA3-ADF9EE8E51A3}.ReleaseStatic|x64.ActiveCfg = ReleaseStatic|x64
		{23717B8E-CA4A-412F-A4EA-5E6899143EC7}.Debug|Any CPU.ActiveCfg = Debug|Win32
		{23717B8E-CA4A-412F-A4EA-5E6899143EC7}.Debug|ARM64.ActiveCfg = Debug|Win32
		{23717B8E-CA4A-412F-A4EA-5E6899143EC7}.Debug|Win32.ActiveCfg = Debug|Win32
		{23717B8E-CA4A-412F-A4EA-5E6899143EC7}.Debug|Win32.Build.0 = Debug|Win32
		{23717B8E-CA4A-412F-A4EA-5E6899143EC7}.Debug|x64.ActiveCfg = Debug|x64
		{23717B8E-CA4A-412F-A4EA-5E6899143EC7}.DebugStatic|Any CPU.ActiveCfg = DebugStatic|x64
		{23717B8E-CA4A-412F-A4EA-5E6899143EC7}.DebugStatic|Any CPU.Build.0 = DebugStatic|x64
		{23717B8E-CA4A-412F-A4EA-5E6899143EC7}.DebugStatic|ARM64.ActiveCfg = DebugStatic|x64
		{23717B8E-CA4A-412F-A4EA-5E6899143EC7}.DebugStatic|ARM64.Build.0 = DebugStatic|x64
		{23717B8E-CA4A-412F-A4EA-5E6899143EC7}.DebugStatic|Win32.ActiveCfg = DebugStatic|Win32
		{23717B8E-CA4A-412F-A4EA-5E6899143EC7}.DebugStatic|x64.ActiveCfg = DebugStatic|x64
		{23717B8E-CA4A-412F-A4EA-5E6899143EC7}.Release|Any CPU.ActiveCfg = Release|Win32
		{23717B8E-CA4A-412F-A4EA-5E6899143EC7}.Release|ARM64.ActiveCfg = Release|Win32
		{23717B8E-CA4A-412F-A4EA-5E6899143EC7}.Release|Win32.ActiveCfg = Release|Win32
		{23717B8E-CA4A-412F-A4EA-5E6899143EC7}.Release|Win32.Build.0 = Release|Win32
		{23717B8E-CA4A-412F-A4EA-5E6899143EC7}.Release|x64.ActiveCfg = Release|x64
		{23717B8E-CA4A-412F-A4EA-5E6899143EC7}.ReleaseStatic|Any CPU.ActiveCfg = ReleaseStatic|x64
		{23717B8E-CA4A-412F-A4EA-5E6899143EC7}.ReleaseStatic|Any CPU.Build.0 = ReleaseStatic|x64
		{23717B8E-CA4A-412F-A4EA-5E6899143EC7}.ReleaseStatic|ARM64.ActiveCfg = ReleaseStatic|x64
		{23717B8E-CA4A-412F-A4EA-5E6899143EC7}.ReleaseStatic|ARM64.Build.0 = ReleaseStatic|x64
		{23717B8E-CA4A-412F-A4EA-5E6899143EC7}.ReleaseStatic|Win32.ActiveCfg = ReleaseStatic|Win32
		{23717B8E-CA4A-412F-A4EA-5E6899143EC7}.ReleaseStatic|x64.ActiveCfg = ReleaseStatic|x64
		{AC921D51-18E2-4FBE-A444-059543458C00}.Debug|Any CPU.ActiveCfg = Debug|Win32
		{AC921D51-18E2-4FBE-A444-059543458C00}.Debug|ARM64.ActiveCfg = Debug|ARM64
		{AC921D51-18E2-4FBE-A444-059543458C00}.Debug|Win32.ActiveCfg = Debug|Win32
		{AC921D51-18E2-4FBE-A444-059543458C00}.Debug|Win32.Build.0 = Debug|Win32
		{AC921D51-18E2-4FBE-A444-059543458C00}.Debug|Win32.Deploy.0 = Debug|Win32
		{AC921D51-18E2-4FBE-A444-059543458C00}.Debug|x64.ActiveCfg = Debug|x64
		{AC921D51-18E2-4FBE-A444-059543458C00}.DebugStatic|Any CPU.ActiveCfg = DebugStatic|x64
		{AC921D51-18E2-4FBE-A444-059543458C00}.DebugStatic|Any CPU.Build.0 = DebugStatic|x64
		{AC921D51-18E2-4FBE-A444-059543458C00}.DebugStatic|Any CPU.Deploy.0 = DebugStatic|x64
		{AC921D51-18E2-4FBE-A444-059543458C00}.DebugStatic|ARM64.ActiveCfg = DebugStatic|ARM64
		{AC921D51-18E2-4FBE-A444-059543458C00}.DebugStatic|ARM64.Deploy.0 = DebugStatic|ARM64
		{AC921D51-18E2-4FBE-A444-059543458C00}.DebugStatic|Win32.ActiveCfg = DebugStatic|Win32
		{AC921D51-18E2-4FBE-A444-059543458C00}.DebugStatic|Win32.Deploy.0 = DebugStatic|Win32
		{AC921D51-18E2-4FBE-A444-059543458C00}.DebugStatic|x64.ActiveCfg = DebugStatic|x64
		{AC921D51-18E2-4FBE-A444-059543458C00}.DebugStatic|x64.Deploy.0 = DebugStatic|x64
		{AC921D51-18E2-4FBE-A444-059543458C00}.Release|Any CPU.ActiveCfg = Release|Win32
		{AC921D51-18E2-4FBE-A444-059543458C00}.Release|ARM64.ActiveCfg = Release|ARM64
		{AC921D51-18E2-4FBE-A444-059543458C00}.Release|ARM64.Build.0 = Release|ARM64
		{AC921D51-18E2-4FBE-A444-059543458C00}.Release|ARM64.Deploy.0 = Release|ARM64
		{AC921D51-18E2-4FBE-A444-059543458C00}.Release|Win32.ActiveCfg = Release|Win32
		{AC921D51-18E2-4FBE-A444-059543458C00}.Release|Win32.Build.0 = Release|Win32
		{AC921D51-18E2-4FBE-A444-059543458C00}.Release|Win32.Deploy.0 = Release|Win32
		{AC921D51-18E2-4FBE-A444-059543458C00}.Release|x64.ActiveCfg = Release|x64
		{AC921D51-18E2-4FBE-A444-059543458C00}.Release|x64.Build.0 = Release|x64
		{AC921D51-18E2-4FBE-A444-059543458C00}.Release|x64.Deploy.0 = Release|x64
		{AC921D51-18E2-4FBE-A444-059543458C00}.ReleaseStatic|Any CPU.ActiveCfg = ReleaseStatic|x64
		{AC921D51-18E2-4FBE-A444-059543458C00}.ReleaseStatic|Any CPU.Build.0 = ReleaseStatic|x64
		{AC921D51-18E2-4FBE-A444-059543458C00}.ReleaseStatic|Any CPU.Deploy.0 = ReleaseStatic|x64
		{AC921D51-18E2-4FBE-A444-059543458C00}.ReleaseStatic|ARM64.ActiveCfg = ReleaseStatic|ARM64
		{AC921D51-18E2-4FBE-A444-059543458C00}.ReleaseStatic|ARM64.Build.0 = ReleaseStatic|ARM64
		{AC921D51-18E2-4FBE-A444-059543458C00}.ReleaseStatic|ARM64.Deploy.0 = ReleaseStatic|ARM64
		{AC921D51-18E2-4FBE-A444-059543458C00}.ReleaseStatic|Win32.ActiveCfg = ReleaseStatic|Win32
		{AC921D51-18E2-4FBE-A444-059543458C00}.ReleaseStatic|Win32.Build.0 = ReleaseStatic|Win32
		{AC921D51-18E2-4FBE-A444-059543458C00}.ReleaseStatic|Win32.Deploy.0 = ReleaseStatic|Win32
		{AC921D51-18E2-4FBE-A444-059543458C00}.ReleaseStatic|x64.ActiveCfg = ReleaseStatic|x64
		{AC921D51-18E2-4FBE-A444-059543458C00}.ReleaseStatic|x64.Build.0 = ReleaseStatic|x64
		{AC921D51-18E2-4FBE-A444-059543458C00}.ReleaseStatic|x64.Deploy.0 = ReleaseStatic|x64
	EndGlobalSection
	GlobalSection(SolutionProperties) = preSolution
		HideSolutionNode = FALSE
	EndGlobalSection
	GlobalSection(ExtensibilityGlobals) = postSolution
		SolutionGuid = {56BB175E-5DE4-4CCB-B12D-67217C03BD15}
	EndGlobalSection
EndGlobal
